
Microsoft Visual Studio Solution File, Format Version 12.00
# Visual Studio 14
VisualStudioVersion = 14.0.23107.0
MinimumVisualStudioVersion = 10.0.40219.1
Project("{2150E333-8FDC-42A3-9474-1A3956D46DE8}") = "MI4T.IndexService", "MI4T.IndexService", "{AD1BF841-8E7D-48D8-977D-FBBC037E9229}"
EndProject
Project("{FAE04EC0-301F-11D3-BF4B-00C04F79EFBC}") = "MongoDBIndexService", "MongoDBIndexService\MongoDBIndexService.csproj", "{B9C97BCA-A93A-48BC-B853-D9514123C79C}"
EndProject
Project("{2150E333-8FDC-42A3-9474-1A3956D46DE8}") = "MI4T.Common", "MI4T.Common", "{51D6FFE7-113B-4B35-8EFB-6D1165C4D12B}"
EndProject
Project("{FAE04EC0-301F-11D3-BF4B-00C04F79EFBC}") = "MI4T.Common.Services", "MI4T.Common.Services\MI4T.Common.Services.csproj", "{7A7F3576-F68F-41FB-8772-854F4090FF47}"
EndProject
Project("{FAE04EC0-301F-11D3-BF4B-00C04F79EFBC}") = "MI4T.IndexService.DataContracts", "MI4T.IndexService.DataContracts\MI4T.IndexService.DataContracts.csproj", "{D87698B4-58A9-4273-8230-2455C9D11140}"
EndProject
Project("{FAE04EC0-301F-11D3-BF4B-00C04F79EFBC}") = "MI4T.Common.Logging", "MI4T.Common.Logging\MI4T.Common.Logging.csproj", "{A439716D-B5F5-4F2B-985C-5951B90CEC0F}"
EndProject
Project("{FAE04EC0-301F-11D3-BF4B-00C04F79EFBC}") = "MI4T.Common.ExceptionManagement", "MI4T.Common.ExceptionManagement\MI4T.Common.ExceptionManagement.csproj", "{8BA6F3D7-18DB-402B-AA1C-105F4422EC18}"
EndProject
Project("{FAE04EC0-301F-11D3-BF4B-00C04F79EFBC}") = "MI4T.IndexService.BAL", "MI4T.IndexService.BAL\MI4T.IndexService.BAL.csproj", "{F6817E02-B4AE-474D-8E5A-F52F83E62A33}"
EndProject
Project("{FAE04EC0-301F-11D3-BF4B-00C04F79EFBC}") = "MI4T.Common.Configuration", "MI4T.Common.Configuration\MI4T.Common.Configuration.csproj", "{9AABD484-0D87-42FB-B05F-3BFDF82C9FBE}"
EndProject
Project("{2150E333-8FDC-42A3-9474-1A3956D46DE8}") = "MI4TIndexing.Templating", "MI4TIndexing.Templating", "{558D0FE3-1CCE-4889-909E-B9EFC4057C3E}"
EndProject
Project("{FAE04EC0-301F-11D3-BF4B-00C04F79EFBC}") = "MI4TIndexing.Templating", "MI4TIndexing.Templating\MI4TIndexing.Templating.csproj", "{491E05C9-FBEF-495E-BFFE-905F4AE606F5}"
EndProject
Project("{FAE04EC0-301F-11D3-BF4B-00C04F79EFBC}") = "MI4T.IndexService.DataHelper", "MI4T.IndexService.DataHelper\MI4T.IndexService.DataHelper.csproj", "{96E26780-F446-4BFD-9A34-36F5444449C4}"
EndProject
Project("{2150E333-8FDC-42A3-9474-1A3956D46DE8}") = "MI4TIndexing.DataStructure", "MI4TIndexing.DataStructure", "{EC7AFAB8-D553-4BE2-A862-BA4D23FC7B16}"
EndProject
Project("{FAE04EC0-301F-11D3-BF4B-00C04F79EFBC}") = "MI4TIndexing.Services.DataContracts", "MI4TIndexing.Services.DataContracts\MI4TIndexing.Services.DataContracts.csproj", "{B967E3C8-ECE8-4565-8A79-ED9272863963}"
EndProject
Project("{2150E333-8FDC-42A3-9474-1A3956D46DE8}") = "MI4T.SearchService", "MI4T.SearchService", "{FA9950E3-DC0B-453F-AC6B-A58E148BFBB1}"
EndProject
Project("{FAE04EC0-301F-11D3-BF4B-00C04F79EFBC}") = "MongoDBSearchService", "MongoDBSearchService\MongoDBSearchService.csproj", "{8EF2489C-E01F-4266-823D-24F73742FF1E}"
EndProject
Project("{FAE04EC0-301F-11D3-BF4B-00C04F79EFBC}") = "MI4TSearching.SearchService.BAL", "MI4TSearching.SearchService.BAL\MI4TSearching.SearchService.BAL.csproj", "{134DC168-8E32-4269-B81D-A85CD56CE135}"
EndProject
Global
	GlobalSection(SolutionConfigurationPlatforms) = preSolution
		Debug|Any CPU = Debug|Any CPU
		Release|Any CPU = Release|Any CPU
	EndGlobalSection
	GlobalSection(ProjectConfigurationPlatforms) = postSolution
		{B9C97BCA-A93A-48BC-B853-D9514123C79C}.Debug|Any CPU.ActiveCfg = Debug|Any CPU
		{B9C97BCA-A93A-48BC-B853-D9514123C79C}.Debug|Any CPU.Build.0 = Debug|Any CPU
		{B9C97BCA-A93A-48BC-B853-D9514123C79C}.Release|Any CPU.ActiveCfg = Release|Any CPU
		{B9C97BCA-A93A-48BC-B853-D9514123C79C}.Release|Any CPU.Build.0 = Release|Any CPU
		{7A7F3576-F68F-41FB-8772-854F4090FF47}.Debug|Any CPU.ActiveCfg = Debug|Any CPU
		{7A7F3576-F68F-41FB-8772-854F4090FF47}.Debug|Any CPU.Build.0 = Debug|Any CPU
		{7A7F3576-F68F-41FB-8772-854F4090FF47}.Release|Any CPU.ActiveCfg = Release|Any CPU
		{7A7F3576-F68F-41FB-8772-854F4090FF47}.Release|Any CPU.Build.0 = Release|Any CPU
		{D87698B4-58A9-4273-8230-2455C9D11140}.Debug|Any CPU.ActiveCfg = Debug|Any CPU
		{D87698B4-58A9-4273-8230-2455C9D11140}.Debug|Any CPU.Build.0 = Debug|Any CPU
		{D87698B4-58A9-4273-8230-2455C9D11140}.Release|Any CPU.ActiveCfg = Release|Any CPU
		{D87698B4-58A9-4273-8230-2455C9D11140}.Release|Any CPU.Build.0 = Release|Any CPU
		{A439716D-B5F5-4F2B-985C-5951B90CEC0F}.Debug|Any CPU.ActiveCfg = Debug|Any CPU
		{A439716D-B5F5-4F2B-985C-5951B90CEC0F}.Debug|Any CPU.Build.0 = Debug|Any CPU
		{A439716D-B5F5-4F2B-985C-5951B90CEC0F}.Release|Any CPU.ActiveCfg = Release|Any CPU
		{A439716D-B5F5-4F2B-985C-5951B90CEC0F}.Release|Any CPU.Build.0 = Release|Any CPU
		{8BA6F3D7-18DB-402B-AA1C-105F4422EC18}.Debug|Any CPU.ActiveCfg = Debug|Any CPU
		{8BA6F3D7-18DB-402B-AA1C-105F4422EC18}.Debug|Any CPU.Build.0 = Debug|Any CPU
		{8BA6F3D7-18DB-402B-AA1C-105F4422EC18}.Release|Any CPU.ActiveCfg = Release|Any CPU
		{8BA6F3D7-18DB-402B-AA1C-105F4422EC18}.Release|Any CPU.Build.0 = Release|Any CPU
		{F6817E02-B4AE-474D-8E5A-F52F83E62A33}.Debug|Any CPU.ActiveCfg = Debug|Any CPU
		{F6817E02-B4AE-474D-8E5A-F52F83E62A33}.Debug|Any CPU.Build.0 = Debug|Any CPU
		{F6817E02-B4AE-474D-8E5A-F52F83E62A33}.Release|Any CPU.ActiveCfg = Release|Any CPU
		{F6817E02-B4AE-474D-8E5A-F52F83E62A33}.Release|Any CPU.Build.0 = Release|Any CPU
		{9AABD484-0D87-42FB-B05F-3BFDF82C9FBE}.Debug|Any CPU.ActiveCfg = Debug|Any CPU
		{9AABD484-0D87-42FB-B05F-3BFDF82C9FBE}.Debug|Any CPU.Build.0 = Debug|Any CPU
		{9AABD484-0D87-42FB-B05F-3BFDF82C9FBE}.Release|Any CPU.ActiveCfg = Release|Any CPU
		{9AABD484-0D87-42FB-B05F-3BFDF82C9FBE}.Release|Any CPU.Build.0 = Release|Any CPU
		{491E05C9-FBEF-495E-BFFE-905F4AE606F5}.Debug|Any CPU.ActiveCfg = Debug|Any CPU
		{491E05C9-FBEF-495E-BFFE-905F4AE606F5}.Debug|Any CPU.Build.0 = Debug|Any CPU
		{491E05C9-FBEF-495E-BFFE-905F4AE606F5}.Release|Any CPU.ActiveCfg = Release|Any CPU
		{491E05C9-FBEF-495E-BFFE-905F4AE606F5}.Release|Any CPU.Build.0 = Release|Any CPU
		{96E26780-F446-4BFD-9A34-36F5444449C4}.Debug|Any CPU.ActiveCfg = Debug|Any CPU
		{96E26780-F446-4BFD-9A34-36F5444449C4}.Debug|Any CPU.Build.0 = Debug|Any CPU
		{96E26780-F446-4BFD-9A34-36F5444449C4}.Release|Any CPU.ActiveCfg = Release|Any CPU
		{96E26780-F446-4BFD-9A34-36F5444449C4}.Release|Any CPU.Build.0 = Release|Any CPU
		{B967E3C8-ECE8-4565-8A79-ED9272863963}.Debug|Any CPU.ActiveCfg = Debug|Any CPU
		{B967E3C8-ECE8-4565-8A79-ED9272863963}.Debug|Any CPU.Build.0 = Debug|Any CPU
		{B967E3C8-ECE8-4565-8A79-ED9272863963}.Release|Any CPU.ActiveCfg = Release|Any CPU
		{B967E3C8-ECE8-4565-8A79-ED9272863963}.Release|Any CPU.Build.0 = Release|Any CPU
		{8EF2489C-E01F-4266-823D-24F73742FF1E}.Debug|Any CPU.ActiveCfg = Debug|Any CPU
		{8EF2489C-E01F-4266-823D-24F73742FF1E}.Debug|Any CPU.Build.0 = Debug|Any CPU
		{8EF2489C-E01F-4266-823D-24F73742FF1E}.Release|Any CPU.ActiveCfg = Release|Any CPU
		{8EF2489C-E01F-4266-823D-24F73742FF1E}.Release|Any CPU.Build.0 = Release|Any CPU
		{134DC168-8E32-4269-B81D-A85CD56CE135}.Debug|Any CPU.ActiveCfg = Debug|Any CPU
		{134DC168-8E32-4269-B81D-A85CD56CE135}.Debug|Any CPU.Build.0 = Debug|Any CPU
		{134DC168-8E32-4269-B81D-A85CD56CE135}.Release|Any CPU.ActiveCfg = Release|Any CPU
		{134DC168-8E32-4269-B81D-A85CD56CE135}.Release|Any CPU.Build.0 = Release|Any CPU
	EndGlobalSection
	GlobalSection(SolutionProperties) = preSolution
		HideSolutionNode = FALSE
	EndGlobalSection
	GlobalSection(NestedProjects) = preSolution
		{B9C97BCA-A93A-48BC-B853-D9514123C79C} = {AD1BF841-8E7D-48D8-977D-FBBC037E9229}
		{7A7F3576-F68F-41FB-8772-854F4090FF47} = {51D6FFE7-113B-4B35-8EFB-6D1165C4D12B}
		{D87698B4-58A9-4273-8230-2455C9D11140} = {AD1BF841-8E7D-48D8-977D-FBBC037E9229}
		{A439716D-B5F5-4F2B-985C-5951B90CEC0F} = {51D6FFE7-113B-4B35-8EFB-6D1165C4D12B}
		{8BA6F3D7-18DB-402B-AA1C-105F4422EC18} = {51D6FFE7-113B-4B35-8EFB-6D1165C4D12B}
		{F6817E02-B4AE-474D-8E5A-F52F83E62A33} = {AD1BF841-8E7D-48D8-977D-FBBC037E9229}
		{9AABD484-0D87-42FB-B05F-3BFDF82C9FBE} = {51D6FFE7-113B-4B35-8EFB-6D1165C4D12B}
		{491E05C9-FBEF-495E-BFFE-905F4AE606F5} = {558D0FE3-1CCE-4889-909E-B9EFC4057C3E}
		{96E26780-F446-4BFD-9A34-36F5444449C4} = {AD1BF841-8E7D-48D8-977D-FBBC037E9229}
		{B967E3C8-ECE8-4565-8A79-ED9272863963} = {EC7AFAB8-D553-4BE2-A862-BA4D23FC7B16}
		{8EF2489C-E01F-4266-823D-24F73742FF1E} = {FA9950E3-DC0B-453F-AC6B-A58E148BFBB1}
		{134DC168-8E32-4269-B81D-A85CD56CE135} = {FA9950E3-DC0B-453F-AC6B-A58E148BFBB1}
	EndGlobalSection
EndGlobal
